
Microsoft Visual Studio Solution File, Format Version 12.00
# Visual Studio Version 16
VisualStudioVersion = 16.0.31515.178
MinimumVisualStudioVersion = 10.0.40219.1
Project("{FAE04EC0-301F-11D3-BF4B-00C04F79EFBC}") = "Proekt Vizuelno", "Proekt Vizuelno\Proekt Vizuelno.csproj", "{5939CCB1-6FB0-4DB9-B852-A26E2C7BE777}"
EndProject
Global
	GlobalSection(SolutionConfigurationPlatforms) = preSolution
		Debug|Any CPU = Debug|Any CPU
		Release|Any CPU = Release|Any CPU
	EndGlobalSection
	GlobalSection(ProjectConfigurationPlatforms) = postSolution
		{5939CCB1-6FB0-4DB9-B852-A26E2C7BE777}.Debug|Any CPU.ActiveCfg = Debug|Any CPU
		{5939CCB1-6FB0-4DB9-B852-A26E2C7BE777}.Debug|Any CPU.Build.0 = Debug|Any CPU
		{5939CCB1-6FB0-4DB9-B852-A26E2C7BE777}.Release|Any CPU.ActiveCfg = Release|Any CPU
		{5939CCB1-6FB0-4DB9-B852-A26E2C7BE777}.Release|Any CPU.Build.0 = Release|Any CPU
	EndGlobalSection
	GlobalSection(SolutionProperties) = preSolution
		HideSolutionNode = FALSE
	EndGlobalSection
	GlobalSection(ExtensibilityGlobals) = postSolution
		SolutionGuid = {3892430C-8735-4D68-B0F5-1715D3A4EA8D}
	EndGlobalSection
EndGlobal
